
Microsoft Visual Studio Solution File, Format Version 12.00
# Visual Studio Version 17
VisualStudioVersion = 17.1.31903.286
MinimumVisualStudioVersion = 10.0.40219.1
Project("{8BC9CEB8-8B4A-11D0-8D11-00A0C91BC942}") = "TUNet.Interop", "tunet-uwp\TUNet.Interop\TUNet.Interop.vcxproj", "{F165E29C-D3AB-4CA5-99F5-62511C492935}"
EndProject
Project("{FAE04EC0-301F-11D3-BF4B-00C04F79EFBC}") = "TUNet.UWP", "tunet-uwp\TUNet.UWP\TUNet.UWP.csproj", "{89FD53DD-ACC6-40DF-A2BA-2175C141CDAE}"
EndProject
Global
	GlobalSection(SolutionConfigurationPlatforms) = preSolution
		Debug|ARM = Debug|ARM
		Debug|ARM64 = Debug|ARM64
		Debug|x64 = Debug|x64
		Debug|x86 = Debug|x86
		Release|ARM = Release|ARM
		Release|ARM64 = Release|ARM64
		Release|x64 = Release|x64
		Release|x86 = Release|x86
	EndGlobalSection
	GlobalSection(ProjectConfigurationPlatforms) = postSolution
		{F165E29C-D3AB-4CA5-99F5-62511C492935}.Debug|ARM.ActiveCfg = Debug|ARM
		{F165E29C-D3AB-4CA5-99F5-62511C492935}.Debug|ARM.Build.0 = Debug|ARM
		{F165E29C-D3AB-4CA5-99F5-62511C492935}.Debug|ARM64.ActiveCfg = Debug|ARM64
		{F165E29C-D3AB-4CA5-99F5-62511C492935}.Debug|ARM64.Build.0 = Debug|ARM64
		{F165E29C-D3AB-4CA5-99F5-62511C492935}.Debug|x64.ActiveCfg = Debug|x64
		{F165E29C-D3AB-4CA5-99F5-62511C492935}.Debug|x64.Build.0 = Debug|x64
		{F165E29C-D3AB-4CA5-99F5-62511C492935}.Debug|x86.ActiveCfg = Debug|Win32
		{F165E29C-D3AB-4CA5-99F5-62511C492935}.Debug|x86.Build.0 = Debug|Win32
		{F165E29C-D3AB-4CA5-99F5-62511C492935}.Release|ARM.ActiveCfg = Release|ARM
		{F165E29C-D3AB-4CA5-99F5-62511C492935}.Release|ARM.Build.0 = Release|ARM
		{F165E29C-D3AB-4CA5-99F5-62511C492935}.Release|ARM64.ActiveCfg = Release|ARM64
		{F165E29C-D3AB-4CA5-99F5-62511C492935}.Release|ARM64.Build.0 = Release|ARM64
		{F165E29C-D3AB-4CA5-99F5-62511C492935}.Release|x64.ActiveCfg = Release|x64
		{F165E29C-D3AB-4CA5-99F5-62511C492935}.Release|x64.Build.0 = Release|x64
		{F165E29C-D3AB-4CA5-99F5-62511C492935}.Release|x86.ActiveCfg = Release|Win32
		{F165E29C-D3AB-4CA5-99F5-62511C492935}.Release|x86.Build.0 = Release|Win32
		{89FD53DD-ACC6-40DF-A2BA-2175C141CDAE}.Debug|ARM.ActiveCfg = Debug|ARM
		{89FD53DD-ACC6-40DF-A2BA-2175C141CDAE}.Debug|ARM.Build.0 = Debug|ARM
		{89FD53DD-ACC6-40DF-A2BA-2175C141CDAE}.Debug|ARM.Deploy.0 = Debug|ARM
		{89FD53DD-ACC6-40DF-A2BA-2175C141CDAE}.Debug|ARM64.ActiveCfg = Debug|ARM64
		{89FD53DD-ACC6-40DF-A2BA-2175C141CDAE}.Debug|ARM64.Build.0 = Debug|ARM64
		{89FD53DD-ACC6-40DF-A2BA-2175C141CDAE}.Debug|ARM64.Deploy.0 = Debug|ARM64
		{89FD53DD-ACC6-40DF-A2BA-2175C141CDAE}.Debug|x64.ActiveCfg = Debug|x64
		{89FD53DD-ACC6-40DF-A2BA-2175C141CDAE}.Debug|x64.Build.0 = Debug|x64
		{89FD53DD-ACC6-40DF-A2BA-2175C141CDAE}.Debug|x64.Deploy.0 = Debug|x64
		{89FD53DD-ACC6-40DF-A2BA-2175C141CDAE}.Debug|x86.ActiveCfg = Debug|x86
		{89FD53DD-ACC6-40DF-A2BA-2175C141CDAE}.Debug|x86.Build.0 = Debug|x86
		{89FD53DD-ACC6-40DF-A2BA-2175C141CDAE}.Debug|x86.Deploy.0 = Debug|x86
		{89FD53DD-ACC6-40DF-A2BA-2175C141CDAE}.Release|ARM.ActiveCfg = Release|ARM
		{89FD53DD-ACC6-40DF-A2BA-2175C141CDAE}.Release|ARM.Build.0 = Release|ARM
		{89FD53DD-ACC6-40DF-A2BA-2175C141CDAE}.Release|ARM.Deploy.0 = Release|ARM
		{89FD53DD-ACC6-40DF-A2BA-2175C141CDAE}.Release|ARM64.ActiveCfg = Release|ARM64
		{89FD53DD-ACC6-40DF-A2BA-2175C141CDAE}.Release|ARM64.Build.0 = Release|ARM64
		{89FD53DD-ACC6-40DF-A2BA-2175C141CDAE}.Release|ARM64.Deploy.0 = Release|ARM64
		{89FD53DD-ACC6-40DF-A2BA-2175C141CDAE}.Release|x64.ActiveCfg = Release|x64
		{89FD53DD-ACC6-40DF-A2BA-2175C141CDAE}.Release|x64.Build.0 = Release|x64
		{89FD53DD-ACC6-40DF-A2BA-2175C141CDAE}.Release|x64.Deploy.0 = Release|x64
		{89FD53DD-ACC6-40DF-A2BA-2175C141CDAE}.Release|x86.ActiveCfg = Release|x86
		{89FD53DD-ACC6-40DF-A2BA-2175C141CDAE}.Release|x86.Build.0 = Release|x86
		{89FD53DD-ACC6-40DF-A2BA-2175C141CDAE}.Release|x86.Deploy.0 = Release|x86
	EndGlobalSection
	GlobalSection(SolutionProperties) = preSolution
		HideSolutionNode = FALSE
	EndGlobalSection
	GlobalSection(ExtensibilityGlobals) = postSolution
		SolutionGuid = {6EDF36AC-A66A-46B3-90A1-5ED1BA7AC6E0}
	EndGlobalSection
EndGlobal
